
Microsoft Visual Studio Solution File, Format Version 12.00
# Visual Studio Version 17
VisualStudioVersion = 17.0.32014.148
MinimumVisualStudioVersion = 10.0.40219.1
Project("{2150E333-8FDC-42A3-9474-1A3956D46DE8}") = "Level0", "Level0", "{DB6D6737-D096-43E0-9C30-4A6FF6C0C51C}"
EndProject
Project("{2150E333-8FDC-42A3-9474-1A3956D46DE8}") = "Level1", "Level1", "{4E6ADB29-7292-4293-B922-58EFCBF3D1FF}"
EndProject
Project("{2150E333-8FDC-42A3-9474-1A3956D46DE8}") = "Level2", "Level2", "{C459DBCC-6125-47F2-A441-5A998406B958}"
EndProject
Project("{2150E333-8FDC-42A3-9474-1A3956D46DE8}") = "Level5", "Level5", "{A081CDC4-5DCC-4988-BB47-ACB066681F76}"
EndProject
Project("{8BC9CEB8-8B4A-11D0-8D11-00A0C91BC942}") = "GameEngineContents", "GameEngineContents\GameEngineContents.vcxproj", "{0D143CBD-F9FD-4345-ACAB-083421FC48DE}"
EndProject
Project("{8BC9CEB8-8B4A-11D0-8D11-00A0C91BC942}") = "GameEngineApp", "GameEngineApp\GameEngineApp.vcxproj", "{75BE9C37-A153-4BC1-A3B4-9FC0951F9DF1}"
EndProject
Project("{8BC9CEB8-8B4A-11D0-8D11-00A0C91BC942}") = "Shader", "Shader\Shader.vcxproj", "{D6F91DB5-FC7D-4B2D-A082-67D1CD1F77FE}"
EndProject
Project("{8BC9CEB8-8B4A-11D0-8D11-00A0C91BC942}") = "GameEngineBase", "GameEngineBase\GameEngineBase.vcxproj", "{33315545-4554-4677-8527-7C61BEDA9CF4}"
EndProject
Project("{8BC9CEB8-8B4A-11D0-8D11-00A0C91BC942}") = "GameEngineCore", "GameEngineCore\GameEngineCore.vcxproj", "{056025FA-EE6B-4D5A-A2F0-CA4FC17C0C6E}"
EndProject
Global
	GlobalSection(SolutionConfigurationPlatforms) = preSolution
		Debug|x64 = Debug|x64
		Debug|x86 = Debug|x86
		Release|x64 = Release|x64
		Release|x86 = Release|x86
	EndGlobalSection
	GlobalSection(ProjectConfigurationPlatforms) = postSolution
		{0D143CBD-F9FD-4345-ACAB-083421FC48DE}.Debug|x64.ActiveCfg = Debug|x64
		{0D143CBD-F9FD-4345-ACAB-083421FC48DE}.Debug|x64.Build.0 = Debug|x64
		{0D143CBD-F9FD-4345-ACAB-083421FC48DE}.Debug|x86.ActiveCfg = Debug|Win32
		{0D143CBD-F9FD-4345-ACAB-083421FC48DE}.Debug|x86.Build.0 = Debug|Win32
		{0D143CBD-F9FD-4345-ACAB-083421FC48DE}.Release|x64.ActiveCfg = Release|x64
		{0D143CBD-F9FD-4345-ACAB-083421FC48DE}.Release|x64.Build.0 = Release|x64
		{0D143CBD-F9FD-4345-ACAB-083421FC48DE}.Release|x86.ActiveCfg = Release|Win32
		{0D143CBD-F9FD-4345-ACAB-083421FC48DE}.Release|x86.Build.0 = Release|Win32
		{75BE9C37-A153-4BC1-A3B4-9FC0951F9DF1}.Debug|x64.ActiveCfg = Debug|x64
		{75BE9C37-A153-4BC1-A3B4-9FC0951F9DF1}.Debug|x64.Build.0 = Debug|x64
		{75BE9C37-A153-4BC1-A3B4-9FC0951F9DF1}.Debug|x86.ActiveCfg = Debug|Win32
		{75BE9C37-A153-4BC1-A3B4-9FC0951F9DF1}.Debug|x86.Build.0 = Debug|Win32
		{75BE9C37-A153-4BC1-A3B4-9FC0951F9DF1}.Release|x64.ActiveCfg = Release|x64
		{75BE9C37-A153-4BC1-A3B4-9FC0951F9DF1}.Release|x64.Build.0 = Release|x64
		{75BE9C37-A153-4BC1-A3B4-9FC0951F9DF1}.Release|x86.ActiveCfg = Release|Win32
		{75BE9C37-A153-4BC1-A3B4-9FC0951F9DF1}.Release|x86.Build.0 = Release|Win32
		{D6F91DB5-FC7D-4B2D-A082-67D1CD1F77FE}.Debug|x64.ActiveCfg = Debug|x64
		{D6F91DB5-FC7D-4B2D-A082-67D1CD1F77FE}.Debug|x64.Build.0 = Debug|x64
		{D6F91DB5-FC7D-4B2D-A082-67D1CD1F77FE}.Debug|x86.ActiveCfg = Debug|Win32
		{D6F91DB5-FC7D-4B2D-A082-67D1CD1F77FE}.Debug|x86.Build.0 = Debug|Win32
		{D6F91DB5-FC7D-4B2D-A082-67D1CD1F77FE}.Release|x64.ActiveCfg = Release|x64
		{D6F91DB5-FC7D-4B2D-A082-67D1CD1F77FE}.Release|x64.Build.0 = Release|x64
		{D6F91DB5-FC7D-4B2D-A082-67D1CD1F77FE}.Release|x86.ActiveCfg = Release|Win32
		{D6F91DB5-FC7D-4B2D-A082-67D1CD1F77FE}.Release|x86.Build.0 = Release|Win32
		{33315545-4554-4677-8527-7C61BEDA9CF4}.Debug|x64.ActiveCfg = Debug|x64
		{33315545-4554-4677-8527-7C61BEDA9CF4}.Debug|x64.Build.0 = Debug|x64
		{33315545-4554-4677-8527-7C61BEDA9CF4}.Debug|x86.ActiveCfg = Debug|Win32
		{33315545-4554-4677-8527-7C61BEDA9CF4}.Debug|x86.Build.0 = Debug|Win32
		{33315545-4554-4677-8527-7C61BEDA9CF4}.Release|x64.ActiveCfg = Release|x64
		{33315545-4554-4677-8527-7C61BEDA9CF4}.Release|x64.Build.0 = Release|x64
		{33315545-4554-4677-8527-7C61BEDA9CF4}.Release|x86.ActiveCfg = Release|Win32
		{33315545-4554-4677-8527-7C61BEDA9CF4}.Release|x86.Build.0 = Release|Win32
		{056025FA-EE6B-4D5A-A2F0-CA4FC17C0C6E}.Debug|x64.ActiveCfg = Debug|x64
		{056025FA-EE6B-4D5A-A2F0-CA4FC17C0C6E}.Debug|x64.Build.0 = Debug|x64
		{056025FA-EE6B-4D5A-A2F0-CA4FC17C0C6E}.Debug|x86.ActiveCfg = Debug|Win32
		{056025FA-EE6B-4D5A-A2F0-CA4FC17C0C6E}.Debug|x86.Build.0 = Debug|Win32
		{056025FA-EE6B-4D5A-A2F0-CA4FC17C0C6E}.Release|x64.ActiveCfg = Release|x64
		{056025FA-EE6B-4D5A-A2F0-CA4FC17C0C6E}.Release|x64.Build.0 = Release|x64
		{056025FA-EE6B-4D5A-A2F0-CA4FC17C0C6E}.Release|x86.ActiveCfg = Release|Win32
		{056025FA-EE6B-4D5A-A2F0-CA4FC17C0C6E}.Release|x86.Build.0 = Release|Win32
	EndGlobalSection
	GlobalSection(SolutionProperties) = preSolution
		HideSolutionNode = FALSE
	EndGlobalSection
	GlobalSection(NestedProjects) = preSolution
		{0D143CBD-F9FD-4345-ACAB-083421FC48DE} = {C459DBCC-6125-47F2-A441-5A998406B958}
		{75BE9C37-A153-4BC1-A3B4-9FC0951F9DF1} = {A081CDC4-5DCC-4988-BB47-ACB066681F76}
		{D6F91DB5-FC7D-4B2D-A082-67D1CD1F77FE} = {A081CDC4-5DCC-4988-BB47-ACB066681F76}
		{33315545-4554-4677-8527-7C61BEDA9CF4} = {DB6D6737-D096-43E0-9C30-4A6FF6C0C51C}
		{056025FA-EE6B-4D5A-A2F0-CA4FC17C0C6E} = {4E6ADB29-7292-4293-B922-58EFCBF3D1FF}
	EndGlobalSection
	GlobalSection(ExtensibilityGlobals) = postSolution
		SolutionGuid = {35054535-BB3F-4A76-84D6-82493B9BA809}
	EndGlobalSection
EndGlobal
