<?xml version="1.0" encoding="utf-8"?>
<Project ToolsVersion="4.0" xmlns="http://schemas.microsoft.com/developer/msbuild/2003">
  <ItemGroup>
    <ClInclude Include="DNF.h" />
    <ClInclude Include="PreCompile.h">
      <Filter>PreCompile</Filter>
    </ClInclude>
    <ClInclude Include="GamePlayItem.h">
      <Filter>UI\Item</Filter>
    </ClInclude>
    <ClInclude Include="GamePlayObject.h">
      <Filter>Object</Filter>
    </ClInclude>
    <ClInclude Include="GamePlayEnum.h">
      <Filter>Gobal</Filter>
    </ClInclude>
    <ClInclude Include="GamePlayCharacter.h">
      <Filter>Object\Character</Filter>
    </ClInclude>
    <ClInclude Include="DebugLevel.h">
      <Filter>Level\Debug</Filter>
    </ClInclude>
    <ClInclude Include="TownLevel.h">
      <Filter>Level\Play</Filter>
    </ClInclude>
    <ClInclude Include="Seria_NPC.h">
      <Filter>Object\NPC</Filter>
    </ClInclude>
    <ClInclude Include="GamePlayObjectNPC.h">
      <Filter>Object\NPC</Filter>
    </ClInclude>
    <ClInclude Include="GameEnginePlusTextureRenderer.h">
      <Filter>CorePlus</Filter>
    </ClInclude>
    <ClInclude Include="GamePlayKeyManager.h">
      <Filter>Management\KeyManager</Filter>
    </ClInclude>
    <ClInclude Include="InterfaceHUD.h">
      <Filter>UI\HUD</Filter>
    </ClInclude>
    <ClInclude Include="PlayerInterface.h">
      <Filter>UI</Filter>
    </ClInclude>
    <ClInclude Include="CharacterSkillManager.h">
      <Filter>Management\SkillManagerment</Filter>
    </ClInclude>
    <ClInclude Include="SelectCharacterLevel.h">
      <Filter>Level\Title</Filter>
    </ClInclude>
    <ClInclude Include="MouseCursorComponent.h">
      <Filter>Gobal</Filter>
    </ClInclude>
    <ClInclude Include="CharacterCreateLevel.h">
      <Filter>Level\Title</Filter>
    </ClInclude>
    <ClInclude Include="TitleBackGroundAndUI.h">
      <Filter>Level\Title\UI\SelectCharacter</Filter>
    </ClInclude>
    <ClInclude Include="TitleButtonUI.h">
      <Filter>Level\Title\UI\SelectCharacter</Filter>
    </ClInclude>
    <ClInclude Include="TitleCharacterSlot.h">
      <Filter>Level\Title\UI\SelectCharacter</Filter>
    </ClInclude>
    <ClInclude Include="TitleCreateCharacterBackGround.h">
      <Filter>Level\Title\UI\CreateCharacter</Filter>
    </ClInclude>
    <ClInclude Include="TitleCreateCharacter_ThumbnailManager.h">
      <Filter>Level\Title\UI\CreateCharacter</Filter>
    </ClInclude>
    <ClInclude Include="TitleCreateCharacterThumbnail.h">
      <Filter>Level\Title\UI\CreateCharacter</Filter>
    </ClInclude>
    <ClInclude Include="TitleCreateCharacter_ClassIllustGIF.h">
      <Filter>Level\Title\UI\CreateCharacter</Filter>
    </ClInclude>
    <ClInclude Include="TitleCreateCharacterButtonUI.h">
      <Filter>Level\Title\UI\CreateCharacter</Filter>
    </ClInclude>
    <ClInclude Include="ButtonComponent.h">
      <Filter>Gobal</Filter>
    </ClInclude>
    <ClInclude Include="GamePlayItem_DESC.h">
      <Filter>UI\Item</Filter>
    </ClInclude>
    <ClInclude Include="GamePlayDataBase.h">
      <Filter>Object\Character</Filter>
    </ClInclude>
    <ClInclude Include="CharacterStatManager.h">
      <Filter>Management</Filter>
    </ClInclude>
    <ClInclude Include="AvataManager.h">
      <Filter>Management</Filter>
    </ClInclude>
    <ClInclude Include="MoveManager.h">
      <Filter>Management</Filter>
    </ClInclude>
    <ClInclude Include="GameEnginePlusCharacterStatWindow.h">
      <Filter>CorePlus</Filter>
    </ClInclude>
    <ClInclude Include="CollisionManager.h">
      <Filter>Management</Filter>
    </ClInclude>
    <ClInclude Include="SeriaRoom_Level.h">
      <Filter>Level\Play\SeriaRoom</Filter>
    </ClInclude>
    <ClInclude Include="Jelva_1F.h">
      <Filter>Level\Play\Jelva</Filter>
    </ClInclude>
    <ClInclude Include="BackGroundParent.h">
      <Filter>Level\BackGround</Filter>
    </ClInclude>
    <ClInclude Include="Jelva_2F.h">
      <Filter>Level\Play\Jelva</Filter>
    </ClInclude>
    <ClInclude Include="DummyActor.h">
      <Filter>Gobal</Filter>
    </ClInclude>
    <ClInclude Include="Jelva_2F01.h">
      <Filter>Level\Play\Jelva</Filter>
    </ClInclude>
    <ClInclude Include="DungeonSelect.h">
      <Filter>Level\Select&amp;Load</Filter>
    </ClInclude>
    <ClInclude Include="DungeonSelect_Slot.h">
      <Filter>Level\Select&amp;Load</Filter>
    </ClInclude>
    <ClInclude Include="DungeonLoding.h">
      <Filter>Level\Select&amp;Load</Filter>
    </ClInclude>
    <ClInclude Include="Luke_Stage1.h">
      <Filter>Level\Battle</Filter>
    </ClInclude>
    <ClInclude Include="BattleLevel.h">
      <Filter>Level\Battle</Filter>
    </ClInclude>
    <ClInclude Include="Dungeon_Luke.h">
      <Filter>Level\Battle</Filter>
    </ClInclude>
    <ClInclude Include="Jelva2F01_WaveBackGround.h">
      <Filter>Level\BackGround\Town</Filter>
    </ClInclude>
    <ClInclude Include="Jelva1F_BackGround.h">
      <Filter>Level\BackGround\Town</Filter>
    </ClInclude>
    <ClInclude Include="Jelva2F_BackGround.h">
      <Filter>Level\BackGround\Town</Filter>
    </ClInclude>
    <ClInclude Include="Jelva2F01_BackGround.h">
      <Filter>Level\BackGround\Town</Filter>
    </ClInclude>
    <ClInclude Include="SeriaRoomBackground.h">
      <Filter>Level\BackGround\Town</Filter>
    </ClInclude>
    <ClInclude Include="DungeonSelect_BackGround.h">
      <Filter>Level\BackGround\UI</Filter>
    </ClInclude>
    <ClInclude Include="Luke_Stage1_BackGround.h">
      <Filter>Level\BackGround\Battle</Filter>
    </ClInclude>
    <ClInclude Include="DungeonLoding_BackGround.h">
      <Filter>Level\BackGround\UI</Filter>
    </ClInclude>
    <ClInclude Include="Bale.h">
      <Filter>Object\Monster</Filter>
    </ClInclude>
    <ClInclude Include="GamePlayMonster.h">
      <Filter>Object\Monster</Filter>
    </ClInclude>
    <ClInclude Include="GamePlaySkill.h">
      <Filter>Object\Character\SkillTemp</Filter>
    </ClInclude>
    <ClInclude Include="Skill_Fighter_F_Ham_Kick.h">
      <Filter>Object\Character\Fighter</Filter>
    </ClInclude>
    <ClInclude Include="Skill_Fighter_F_BaseHit.h">
      <Filter>Object\Character\Fighter</Filter>
    </ClInclude>
    <ClInclude Include="Skill_Fighter_F_Upper.h">
      <Filter>Object\Character\Fighter</Filter>
    </ClInclude>
    <ClInclude Include="Skill_Fighter_F_DashHit.h">
      <Filter>Object\Character\Fighter</Filter>
    </ClInclude>
    <ClInclude Include="SkillHeader.h">
      <Filter>Object\Character\SkillTemp</Filter>
    </ClInclude>
    <ClInclude Include="Skill_Fighter_F_Bungwon.h">
      <Filter>Object\Character\Fighter</Filter>
    </ClInclude>
    <ClInclude Include="Skill_Fighter_F_LowKick.h">
      <Filter>Object\Character\Fighter</Filter>
    </ClInclude>
    <ClInclude Include="Skill_Fighter_F_CrashLowKick.h">
      <Filter>Object\Character\Fighter</Filter>
    </ClInclude>
    <ClInclude Include="Skill_Fighter_F_LightingDance.h">
      <Filter>Object\Character\Fighter</Filter>
    </ClInclude>
    <ClInclude Include="Skill_Fighter_F_ClosePunch.h">
      <Filter>Object\Character\Fighter</Filter>
    </ClInclude>
    <ClInclude Include="ItemInventory_Consumable.h">
      <Filter>Object\Character\Inventory</Filter>
    </ClInclude>
    <ClInclude Include="GamePlayInventory.h">
      <Filter>Object\Character\Inventory</Filter>
    </ClInclude>
    <ClInclude Include="AvataInventory.h">
      <Filter>Object\Character\Inventory</Filter>
    </ClInclude>
    <ClInclude Include="Skill_Fighter_F_Rising.h">
      <Filter>Object\Character\Fighter</Filter>
    </ClInclude>
    <ClInclude Include="GameEngineDamageRenderer.h">
      <Filter>CorePlus</Filter>
    </ClInclude>
    <ClInclude Include="GamePlayMonsterHPBar.h">
      <Filter>Object\Monster</Filter>
    </ClInclude>
    <ClInclude Include="Item_Avata.h">
      <Filter>UI\Item</Filter>
    </ClInclude>
    <ClInclude Include="Item_Consumable.h">
      <Filter>UI\Item</Filter>
    </ClInclude>
    <ClInclude Include="StatWindow.h">
      <Filter>Object\Character\Inventory</Filter>
    </ClInclude>
    <ClInclude Include="Skill_Fighter_F_KaiKen.h">
      <Filter>Object\Character\Fighter</Filter>
    </ClInclude>
    <ClInclude Include="GameSkillBuff.h">
      <Filter>Object\Character\SkillTemp</Filter>
    </ClInclude>
    <ClInclude Include="Skill_Fighter_F_SuperArmor.h">
      <Filter>Object\Character\Fighter</Filter>
    </ClInclude>
    <ClInclude Include="Skill_Fighter_F_StrongLowKick.h">
      <Filter>Object\Character\Fighter</Filter>
    </ClInclude>
    <ClInclude Include="GamePlayLevelTemplate.h">
      <Filter>Level\Play</Filter>
    </ClInclude>
    <ClInclude Include="GameEngineEffectRenderer.h">
      <Filter>CorePlus</Filter>
    </ClInclude>
    <ClInclude Include="GameEngineUIFontRenderer.h">
      <Filter>CorePlus</Filter>
    </ClInclude>
    <ClInclude Include="ComboSystemBlank.h">
      <Filter>CorePlus\Combo</Filter>
    </ClInclude>
    <ClInclude Include="ComboSystemScore.h">
      <Filter>CorePlus\Combo</Filter>
    </ClInclude>
    <ClInclude Include="GamePlayComboSystem.h">
      <Filter>CorePlus\Combo</Filter>
    </ClInclude>
    <ClInclude Include="HealHPAni.h">
      <Filter>Management</Filter>
    </ClInclude>
  </ItemGroup>
  <ItemGroup>
    <ClCompile Include="DNF.cpp" />
    <ClCompile Include="PreCompile.cpp">
      <Filter>PreCompile</Filter>
    </ClCompile>
    <ClCompile Include="GamePlayItem.cpp">
      <Filter>UI\Item</Filter>
    </ClCompile>
    <ClCompile Include="GamePlayObject.cpp">
      <Filter>Object</Filter>
    </ClCompile>
    <ClCompile Include="GamePlayCharacter.cpp">
      <Filter>Object\Character</Filter>
    </ClCompile>
    <ClCompile Include="DebugLevel.cpp">
      <Filter>Level\Debug</Filter>
    </ClCompile>
    <ClCompile Include="TownLevel.cpp">
      <Filter>Level\Play</Filter>
    </ClCompile>
    <ClCompile Include="Seria_NPC.cpp">
      <Filter>Object\NPC</Filter>
    </ClCompile>
    <ClCompile Include="GamePlayObjectNPC.cpp">
      <Filter>Object\NPC</Filter>
    </ClCompile>
    <ClCompile Include="GameEnginePlusTextureRenderer.cpp">
      <Filter>CorePlus</Filter>
    </ClCompile>
    <ClCompile Include="GamePlayKeyManager.cpp">
      <Filter>Management\KeyManager</Filter>
    </ClCompile>
    <ClCompile Include="InterfaceHUD.cpp">
      <Filter>UI\HUD</Filter>
    </ClCompile>
    <ClCompile Include="PlayerInterface.cpp">
      <Filter>UI</Filter>
    </ClCompile>
    <ClCompile Include="CharacterSkillManager.cpp">
      <Filter>Management\SkillManagerment</Filter>
    </ClCompile>
    <ClCompile Include="SelectCharacterLevel.cpp">
      <Filter>Level\Title</Filter>
    </ClCompile>
    <ClCompile Include="MouseCursorComponent.cpp">
      <Filter>Gobal</Filter>
    </ClCompile>
    <ClCompile Include="CharacterCreateLevel.cpp">
      <Filter>Level\Title</Filter>
    </ClCompile>
    <ClCompile Include="TitleBackGroundAndUI.cpp">
      <Filter>Level\Title\UI\SelectCharacter</Filter>
    </ClCompile>
    <ClCompile Include="TitleButtonUI.cpp">
      <Filter>Level\Title\UI\SelectCharacter</Filter>
    </ClCompile>
    <ClCompile Include="TitleCharacterSlot.cpp">
      <Filter>Level\Title\UI\SelectCharacter</Filter>
    </ClCompile>
    <ClCompile Include="TitleCreateCharacterBackGround.cpp">
      <Filter>Level\Title\UI\CreateCharacter</Filter>
    </ClCompile>
    <ClCompile Include="TitleCreateCharacter_ThumbnailManager.cpp">
      <Filter>Level\Title\UI\CreateCharacter</Filter>
    </ClCompile>
    <ClCompile Include="TitleCreateCharacterThumbnail.cpp">
      <Filter>Level\Title\UI\CreateCharacter</Filter>
    </ClCompile>
    <ClCompile Include="TitleCreateCharacter_ClassIllustGIF.cpp">
      <Filter>Level\Title\UI\CreateCharacter</Filter>
    </ClCompile>
    <ClCompile Include="TitleCreateCharacterButtonUI.cpp">
      <Filter>Level\Title\UI\CreateCharacter</Filter>
    </ClCompile>
    <ClCompile Include="ButtonComponent.cpp">
      <Filter>Gobal</Filter>
    </ClCompile>
    <ClCompile Include="GamePlayItem_DESC.cpp">
      <Filter>UI\Item</Filter>
    </ClCompile>
    <ClCompile Include="GamePlayDataBase.cpp">
      <Filter>Object\Character</Filter>
    </ClCompile>
    <ClCompile Include="CharacterStatManager.cpp">
      <Filter>Management</Filter>
    </ClCompile>
    <ClCompile Include="AvataManager.cpp">
      <Filter>Management</Filter>
    </ClCompile>
    <ClCompile Include="Fighter_F_FSMData.cpp">
      <Filter>Object\Character\Fighter</Filter>
    </ClCompile>
    <ClCompile Include="MoveManager.cpp">
      <Filter>Management</Filter>
    </ClCompile>
    <ClCompile Include="GameEnginePlusCharacterStatWindow.cpp">
      <Filter>CorePlus</Filter>
    </ClCompile>
    <ClCompile Include="CollisionManager.cpp">
      <Filter>Management</Filter>
    </ClCompile>
    <ClCompile Include="SeriaRoom_Level.cpp">
      <Filter>Level\Play\SeriaRoom</Filter>
    </ClCompile>
    <ClCompile Include="Jelva_1F.cpp">
      <Filter>Level\Play\Jelva</Filter>
    </ClCompile>
    <ClCompile Include="BackGroundParent.cpp">
      <Filter>Level\BackGround</Filter>
    </ClCompile>
    <ClCompile Include="Jelva_2F.cpp">
      <Filter>Level\Play\Jelva</Filter>
    </ClCompile>
    <ClCompile Include="DummyActor.cpp">
      <Filter>Gobal</Filter>
    </ClCompile>
    <ClCompile Include="Jelva_2F01.cpp">
      <Filter>Level\Play\Jelva</Filter>
    </ClCompile>
    <ClCompile Include="DungeonSelect.cpp">
      <Filter>Level\Select&amp;Load</Filter>
    </ClCompile>
    <ClCompile Include="DungeonSelect_Slot.cpp">
      <Filter>Level\Select&amp;Load</Filter>
    </ClCompile>
    <ClCompile Include="DungeonLoding.cpp">
      <Filter>Level\Select&amp;Load</Filter>
    </ClCompile>
    <ClCompile Include="Luke_Stage1.cpp">
      <Filter>Level\Battle</Filter>
    </ClCompile>
    <ClCompile Include="BattleLevel.cpp">
      <Filter>Level\Battle</Filter>
    </ClCompile>
    <ClCompile Include="Dungeon_Luke.cpp">
      <Filter>Level\Battle</Filter>
    </ClCompile>
    <ClCompile Include="Jelva1F_BackGround.cpp">
      <Filter>Level\BackGround\Town</Filter>
    </ClCompile>
    <ClCompile Include="Jelva2F_BackGround.cpp">
      <Filter>Level\BackGround\Town</Filter>
    </ClCompile>
    <ClCompile Include="Jelva2F01_BackGround.cpp">
      <Filter>Level\BackGround\Town</Filter>
    </ClCompile>
    <ClCompile Include="Jelva2F01_WaveBackGround.cpp">
      <Filter>Level\BackGround\Town</Filter>
    </ClCompile>
    <ClCompile Include="SeriaRoomBackground.cpp">
      <Filter>Level\BackGround\Town</Filter>
    </ClCompile>
    <ClCompile Include="DungeonSelect_BackGround.cpp">
      <Filter>Level\BackGround\UI</Filter>
    </ClCompile>
    <ClCompile Include="Luke_Stage1_BackGround.cpp">
      <Filter>Level\BackGround\Battle</Filter>
    </ClCompile>
    <ClCompile Include="DungeonLoding_BackGround.cpp">
      <Filter>Level\BackGround\UI</Filter>
    </ClCompile>
    <ClCompile Include="Bale.cpp">
      <Filter>Object\Monster</Filter>
    </ClCompile>
    <ClCompile Include="GamePlayMonster.cpp">
      <Filter>Object\Monster</Filter>
    </ClCompile>
    <ClCompile Include="GamePlaySkill.cpp">
      <Filter>Object\Character\SkillTemp</Filter>
    </ClCompile>
    <ClCompile Include="Skill_Fighter_F_Ham_Kick.cpp">
      <Filter>Object\Character\Fighter</Filter>
    </ClCompile>
    <ClCompile Include="Skill_Fighter_F_BaseHit.cpp">
      <Filter>Object\Character\Fighter</Filter>
    </ClCompile>
    <ClCompile Include="Skill_Fighter_F_Upper.cpp">
      <Filter>Object\Character\Fighter</Filter>
    </ClCompile>
    <ClCompile Include="Skill_Fighter_F_DashHit.cpp">
      <Filter>Object\Character\Fighter</Filter>
    </ClCompile>
    <ClCompile Include="Skill_Fighter_F_Bungwon.cpp">
      <Filter>Object\Character\Fighter</Filter>
    </ClCompile>
    <ClCompile Include="Skill_Fighter_F_LowKick.cpp">
      <Filter>Object\Character\Fighter</Filter>
    </ClCompile>
    <ClCompile Include="Skill_Fighter_F_CrashLowKick.cpp">
      <Filter>Object\Character\Fighter</Filter>
    </ClCompile>
    <ClCompile Include="Skill_Fighter_F_LightingDance.cpp">
      <Filter>Object\Character\Fighter</Filter>
    </ClCompile>
    <ClCompile Include="Skill_Fighter_F_ClosePunch.cpp">
      <Filter>Object\Character\Fighter</Filter>
    </ClCompile>
    <ClCompile Include="ItemInventory_Consumable.cpp">
      <Filter>Object\Character\Inventory</Filter>
    </ClCompile>
    <ClCompile Include="GamePlayInventory.cpp">
      <Filter>Object\Character\Inventory</Filter>
    </ClCompile>
    <ClCompile Include="AvataInventory.cpp">
      <Filter>Object\Character\Inventory</Filter>
    </ClCompile>
    <ClCompile Include="Skill_Fighter_F_Rising.cpp">
      <Filter>Object\Character\Fighter</Filter>
    </ClCompile>
    <ClCompile Include="GameEngineDamageRenderer.cpp">
      <Filter>CorePlus</Filter>
    </ClCompile>
    <ClCompile Include="GamePlayMonsterHPBar.cpp">
      <Filter>Object\Monster</Filter>
    </ClCompile>
    <ClCompile Include="Item_Avata.cpp">
      <Filter>UI\Item</Filter>
    </ClCompile>
    <ClCompile Include="Item_Consumable.cpp">
      <Filter>UI\Item</Filter>
    </ClCompile>
    <ClCompile Include="StatWindow.cpp">
      <Filter>Object\Character\Inventory</Filter>
    </ClCompile>
    <ClCompile Include="Skill_Fighter_F_KaiKen.cpp">
      <Filter>Object\Character\Fighter</Filter>
    </ClCompile>
    <ClCompile Include="GameSkillBuff.cpp">
      <Filter>Object\Character\SkillTemp</Filter>
    </ClCompile>
    <ClCompile Include="Skill_Fighter_F_SuperArmor.cpp">
      <Filter>Object\Character\Fighter</Filter>
    </ClCompile>
    <ClCompile Include="Skill_Fighter_F_StrongLowKick.cpp">
      <Filter>Object\Character\Fighter</Filter>
    </ClCompile>
    <ClCompile Include="GamePlayLevelTemplate.cpp">
      <Filter>Level\Play</Filter>
    </ClCompile>
    <ClCompile Include="GameEngineEffectRenderer.cpp">
      <Filter>CorePlus</Filter>
    </ClCompile>
    <ClCompile Include="GameEngineUIFontRenderer.cpp">
      <Filter>CorePlus</Filter>
    </ClCompile>
    <ClCompile Include="ComboSystemBlank.cpp">
      <Filter>CorePlus\Combo</Filter>
    </ClCompile>
    <ClCompile Include="ComboSystemScore.cpp">
      <Filter>CorePlus\Combo</Filter>
    </ClCompile>
    <ClCompile Include="GamePlayComboSystem.cpp">
      <Filter>CorePlus\Combo</Filter>
    </ClCompile>
    <ClCompile Include="HealHPAni.cpp">
      <Filter>Management</Filter>
    </ClCompile>
  </ItemGroup>
  <ItemGroup>
    <Filter Include="PreCompile">
      <UniqueIdentifier>{74f67102-4535-4ae3-a649-284492b97612}</UniqueIdentifier>
    </Filter>
    <Filter Include="Level">
      <UniqueIdentifier>{b0e858b0-a810-40e1-8e4a-2bd6537ef08b}</UniqueIdentifier>
    </Filter>
    <Filter Include="Object">
      <UniqueIdentifier>{91370155-16e8-41d5-9137-7b6217da51a2}</UniqueIdentifier>
    </Filter>
    <Filter Include="Gobal">
      <UniqueIdentifier>{954e544e-74b5-406d-bc79-ccacd289a99a}</UniqueIdentifier>
    </Filter>
    <Filter Include="Object\Character">
      <UniqueIdentifier>{7c8402f8-fcaa-4753-8b78-c6c41c3703bc}</UniqueIdentifier>
    </Filter>
    <Filter Include="Object\Character\Fighter">
      <UniqueIdentifier>{b24f830f-d346-4a51-b2d6-49dfc1f5e225}</UniqueIdentifier>
    </Filter>
    <Filter Include="Level\Debug">
      <UniqueIdentifier>{1decfd01-ac37-4ed5-8437-104f6329b914}</UniqueIdentifier>
    </Filter>
    <Filter Include="Level\Play">
      <UniqueIdentifier>{33ca5c78-2444-427a-b206-ada540f67ce7}</UniqueIdentifier>
    </Filter>
    <Filter Include="Level\Title">
      <UniqueIdentifier>{14bce10d-5d32-427e-b77a-3ff2c14cf78b}</UniqueIdentifier>
    </Filter>
    <Filter Include="Object\NPC">
      <UniqueIdentifier>{d99b5e75-8b7b-4c26-9385-c970db845620}</UniqueIdentifier>
    </Filter>
    <Filter Include="CorePlus">
      <UniqueIdentifier>{7937e3ba-3f4b-4792-82af-f4f07a937229}</UniqueIdentifier>
    </Filter>
    <Filter Include="Level\BackGround">
      <UniqueIdentifier>{614b6c49-5105-4946-8a43-10276928e9ae}</UniqueIdentifier>
    </Filter>
    <Filter Include="UI">
      <UniqueIdentifier>{131865d8-1084-4fe8-a438-9ae216fc8c14}</UniqueIdentifier>
    </Filter>
    <Filter Include="UI\HUD">
      <UniqueIdentifier>{ea82e88e-c80a-481b-9876-2ca3e7572f7e}</UniqueIdentifier>
    </Filter>
    <Filter Include="UI\Item">
      <UniqueIdentifier>{7821cb10-ef30-49a3-adfc-7b130392f39f}</UniqueIdentifier>
    </Filter>
    <Filter Include="Management">
      <UniqueIdentifier>{c7c28bcc-de81-4aae-be6e-6736e1ee23ae}</UniqueIdentifier>
    </Filter>
    <Filter Include="Management\KeyManager">
      <UniqueIdentifier>{dc2d6d1b-4730-484a-a894-4289ebf38848}</UniqueIdentifier>
    </Filter>
    <Filter Include="Management\SkillManagerment">
      <UniqueIdentifier>{73971262-8327-4b0a-bb79-fc6c1a1f3f23}</UniqueIdentifier>
    </Filter>
    <Filter Include="Level\Title\UI">
      <UniqueIdentifier>{e9857ee4-5e53-4dd7-8576-3e79b8e30241}</UniqueIdentifier>
    </Filter>
    <Filter Include="Level\Title\UI\CreateCharacter">
      <UniqueIdentifier>{8f30d40e-5596-4973-a387-4476941f5119}</UniqueIdentifier>
    </Filter>
    <Filter Include="Level\Title\UI\SelectCharacter">
      <UniqueIdentifier>{58e67fb2-f7ff-42ab-9161-f3df00f27c04}</UniqueIdentifier>
    </Filter>
    <Filter Include="Level\Play\SeriaRoom">
      <UniqueIdentifier>{1970895a-c42e-4e13-b679-1afeb54c7590}</UniqueIdentifier>
    </Filter>
    <Filter Include="Level\Play\Jelva">
      <UniqueIdentifier>{b42dce4b-d84d-4526-abb0-1b443c375411}</UniqueIdentifier>
    </Filter>
    <Filter Include="Level\Select&amp;Load">
      <UniqueIdentifier>{37192671-0765-45d3-bff8-2cb2c8abe9c6}</UniqueIdentifier>
    </Filter>
    <Filter Include="Level\Battle">
      <UniqueIdentifier>{90c81c09-0b63-4c60-9d15-fa5c35255bda}</UniqueIdentifier>
    </Filter>
    <Filter Include="Level\BackGround\Town">
      <UniqueIdentifier>{77b185b2-94e9-4b8e-b735-b1ff089ed438}</UniqueIdentifier>
    </Filter>
    <Filter Include="Level\BackGround\UI">
      <UniqueIdentifier>{325f4760-d678-4060-bf61-62c84e3d16e5}</UniqueIdentifier>
    </Filter>
    <Filter Include="Level\BackGround\Battle">
      <UniqueIdentifier>{3c32e66c-eb72-4619-ad46-2b62a48daa3f}</UniqueIdentifier>
    </Filter>
    <Filter Include="Object\Monster">
      <UniqueIdentifier>{b127ebdd-2aa1-4cfb-a77a-43f1c9e8937a}</UniqueIdentifier>
    </Filter>
    <Filter Include="Object\Character\SkillTemp">
      <UniqueIdentifier>{d2bfe07b-693e-4ac9-9c83-7236cb81fe03}</UniqueIdentifier>
    </Filter>
    <Filter Include="Object\Character\Inventory">
      <UniqueIdentifier>{bf421ceb-6aef-4335-b080-da248bf413be}</UniqueIdentifier>
    </Filter>
    <Filter Include="CorePlus\Combo">
      <UniqueIdentifier>{79ecc566-d711-406e-98c6-4bf81ade8177}</UniqueIdentifier>
    </Filter>
  </ItemGroup>
</Project>